
Microsoft Visual Studio Solution File, Format Version 12.00
# Visual Studio Version 17
VisualStudioVersion = 17.4.33213.308
MinimumVisualStudioVersion = 10.0.40219.1
Project("{FAE04EC0-301F-11D3-BF4B-00C04F79EFBC}") = "RegistrationOfAPass", "RegistrationOfAPass\RegistrationOfAPass.csproj", "{B5473C22-9DB0-4289-9CF8-6C8A23852279}"
EndProject
Global
	GlobalSection(SolutionConfigurationPlatforms) = preSolution
		Debug|Any CPU = Debug|Any CPU
		Release|Any CPU = Release|Any CPU
	EndGlobalSection
	GlobalSection(ProjectConfigurationPlatforms) = postSolution
		{B5473C22-9DB0-4289-9CF8-6C8A23852279}.Debug|Any CPU.ActiveCfg = Debug|Any CPU
		{B5473C22-9DB0-4289-9CF8-6C8A23852279}.Debug|Any CPU.Build.0 = Debug|Any CPU
		{B5473C22-9DB0-4289-9CF8-6C8A23852279}.Release|Any CPU.ActiveCfg = Release|Any CPU
		{B5473C22-9DB0-4289-9CF8-6C8A23852279}.Release|Any CPU.Build.0 = Release|Any CPU
	EndGlobalSection
	GlobalSection(SolutionProperties) = preSolution
		HideSolutionNode = FALSE
	EndGlobalSection
	GlobalSection(ExtensibilityGlobals) = postSolution
		SolutionGuid = {D21178F5-9CA4-49A1-8DE9-4C0532B1A36F}
	EndGlobalSection
EndGlobal
